{
  "name": "project",
  "requires": true,
  "lockfileVersion": 1,
  "dependencies": {
    "cleanse": {
      "version": "0.0.3",
      "resolved": "https://registry.npmjs.org/cleanse/-/cleanse-0.0.3.tgz",
      "integrity": "sha1-4S7UkQLSaOoBelykgDQG3I0jjAU="
    },
    "json-safe-parse": {
      "version": "0.0.2",
      "resolved": "https://registry.npmjs.org/json-safe-parse/-/json-safe-parse-0.0.2.tgz",
      "integrity": "sha1-0EdUGBz5RDjC5uQPFCDqqzprv4I=",
      "requires": {
        "cleanse": "~0.0.3"
      }
    }
  }
}
